
Microsoft Visual Studio Solution File, Format Version 12.00
Project("{2150E333-8FDC-42A3-9474-1A3956D46DE8}") = "Sales", "Sales", "{8628CDAC-3197-4A1E-B805-26770F1D7B8D}"
EndProject
Project("{2150E333-8FDC-42A3-9474-1A3956D46DE8}") = "Billing", "Billing", "{FFA3D85C-2002-4789-B007-C03495521BA2}"
EndProject
Project("{2150E333-8FDC-42A3-9474-1A3956D46DE8}") = "Shipping", "Shipping", "{B2278923-889A-4F1C-9D8E-75264751790B}"
EndProject
Project("{FAE04EC0-301F-11D3-BF4B-00C04F79EFBC}") = "Sales", "Sales\Sales.csproj", "{4F9BADB4-80A0-4D63-825D-250A6EA12C21}"
EndProject
Project("{FAE04EC0-301F-11D3-BF4B-00C04F79EFBC}") = "WebApi", "WebApi\WebApi.csproj", "{E447ABAF-BBBC-4172-A004-893C06C47F79}"
EndProject
Project("{FAE04EC0-301F-11D3-BF4B-00C04F79EFBC}") = "Billing", "Billing\Billing.csproj", "{E36F7E56-8B42-4A07-A570-801D7BC81645}"
EndProject
Project("{FAE04EC0-301F-11D3-BF4B-00C04F79EFBC}") = "Shipping", "Shipping\Shipping.csproj", "{BEB33963-6439-4866-8521-02F958B870D9}"
EndProject
Project("{FAE04EC0-301F-11D3-BF4B-00C04F79EFBC}") = "Billing.Tests", "Billing.Tests\Billing.Tests\Billing.Tests.csproj", "{3E45520D-BAB7-43DC-ACB0-34F23E223B71}"
EndProject
Project("{FAE04EC0-301F-11D3-BF4B-00C04F79EFBC}") = "Sales.Tests", "Sales.Tests\Sales.Tests\Sales.Tests.csproj", "{2BEABB7B-397F-4DB5-9BBC-869D3065E553}"
EndProject
Project("{FAE04EC0-301F-11D3-BF4B-00C04F79EFBC}") = "Shipping.Tests", "Shipping.Tests\Shipping.Tests\Shipping.Tests.csproj", "{D992936A-C638-4C7E-803B-E9E6C87ADE1A}"
EndProject
Project("{FAE04EC0-301F-11D3-BF4B-00C04F79EFBC}") = "Billing.Contracts", "Billing.Contracts\Billing.Contracts\Billing.Contracts.csproj", "{6B201486-FB50-415D-8A6E-922F67CA5DFB}"
EndProject
Project("{FAE04EC0-301F-11D3-BF4B-00C04F79EFBC}") = "Sales.Contracts", "Sales.Contracts\Sales.Contracts\Sales.Contracts.csproj", "{F9930175-2A73-4CA4-9B72-B3B99B3F8719}"
EndProject
Project("{FAE04EC0-301F-11D3-BF4B-00C04F79EFBC}") = "Shipping.Contracts", "Shipping.Contracts\Shipping.Contracts\Shipping.Contracts.csproj", "{4B5F9C34-6577-4912-B857-DD45636A60AA}"
EndProject
Global
	GlobalSection(SolutionConfigurationPlatforms) = preSolution
		Debug|Any CPU = Debug|Any CPU
		Release|Any CPU = Release|Any CPU
	EndGlobalSection
	GlobalSection(NestedProjects) = preSolution
		{4F9BADB4-80A0-4D63-825D-250A6EA12C21} = {8628CDAC-3197-4A1E-B805-26770F1D7B8D}
		{E36F7E56-8B42-4A07-A570-801D7BC81645} = {FFA3D85C-2002-4789-B007-C03495521BA2}
		{BEB33963-6439-4866-8521-02F958B870D9} = {B2278923-889A-4F1C-9D8E-75264751790B}
		{3E45520D-BAB7-43DC-ACB0-34F23E223B71} = {FFA3D85C-2002-4789-B007-C03495521BA2}
		{2BEABB7B-397F-4DB5-9BBC-869D3065E553} = {8628CDAC-3197-4A1E-B805-26770F1D7B8D}
		{D992936A-C638-4C7E-803B-E9E6C87ADE1A} = {B2278923-889A-4F1C-9D8E-75264751790B}
		{6B201486-FB50-415D-8A6E-922F67CA5DFB} = {FFA3D85C-2002-4789-B007-C03495521BA2}
		{F9930175-2A73-4CA4-9B72-B3B99B3F8719} = {8628CDAC-3197-4A1E-B805-26770F1D7B8D}
		{4B5F9C34-6577-4912-B857-DD45636A60AA} = {B2278923-889A-4F1C-9D8E-75264751790B}
	EndGlobalSection
	GlobalSection(ProjectConfigurationPlatforms) = postSolution
		{4F9BADB4-80A0-4D63-825D-250A6EA12C21}.Debug|Any CPU.ActiveCfg = Debug|Any CPU
		{4F9BADB4-80A0-4D63-825D-250A6EA12C21}.Debug|Any CPU.Build.0 = Debug|Any CPU
		{4F9BADB4-80A0-4D63-825D-250A6EA12C21}.Release|Any CPU.ActiveCfg = Release|Any CPU
		{4F9BADB4-80A0-4D63-825D-250A6EA12C21}.Release|Any CPU.Build.0 = Release|Any CPU
		{E447ABAF-BBBC-4172-A004-893C06C47F79}.Debug|Any CPU.ActiveCfg = Debug|Any CPU
		{E447ABAF-BBBC-4172-A004-893C06C47F79}.Debug|Any CPU.Build.0 = Debug|Any CPU
		{E447ABAF-BBBC-4172-A004-893C06C47F79}.Release|Any CPU.ActiveCfg = Release|Any CPU
		{E447ABAF-BBBC-4172-A004-893C06C47F79}.Release|Any CPU.Build.0 = Release|Any CPU
		{E36F7E56-8B42-4A07-A570-801D7BC81645}.Debug|Any CPU.ActiveCfg = Debug|Any CPU
		{E36F7E56-8B42-4A07-A570-801D7BC81645}.Debug|Any CPU.Build.0 = Debug|Any CPU
		{E36F7E56-8B42-4A07-A570-801D7BC81645}.Release|Any CPU.ActiveCfg = Release|Any CPU
		{E36F7E56-8B42-4A07-A570-801D7BC81645}.Release|Any CPU.Build.0 = Release|Any CPU
		{BEB33963-6439-4866-8521-02F958B870D9}.Debug|Any CPU.ActiveCfg = Debug|Any CPU
		{BEB33963-6439-4866-8521-02F958B870D9}.Debug|Any CPU.Build.0 = Debug|Any CPU
		{BEB33963-6439-4866-8521-02F958B870D9}.Release|Any CPU.ActiveCfg = Release|Any CPU
		{BEB33963-6439-4866-8521-02F958B870D9}.Release|Any CPU.Build.0 = Release|Any CPU
		{3E45520D-BAB7-43DC-ACB0-34F23E223B71}.Debug|Any CPU.ActiveCfg = Debug|Any CPU
		{3E45520D-BAB7-43DC-ACB0-34F23E223B71}.Debug|Any CPU.Build.0 = Debug|Any CPU
		{3E45520D-BAB7-43DC-ACB0-34F23E223B71}.Release|Any CPU.ActiveCfg = Release|Any CPU
		{3E45520D-BAB7-43DC-ACB0-34F23E223B71}.Release|Any CPU.Build.0 = Release|Any CPU
		{2BEABB7B-397F-4DB5-9BBC-869D3065E553}.Debug|Any CPU.ActiveCfg = Debug|Any CPU
		{2BEABB7B-397F-4DB5-9BBC-869D3065E553}.Debug|Any CPU.Build.0 = Debug|Any CPU
		{2BEABB7B-397F-4DB5-9BBC-869D3065E553}.Release|Any CPU.ActiveCfg = Release|Any CPU
		{2BEABB7B-397F-4DB5-9BBC-869D3065E553}.Release|Any CPU.Build.0 = Release|Any CPU
		{D992936A-C638-4C7E-803B-E9E6C87ADE1A}.Debug|Any CPU.ActiveCfg = Debug|Any CPU
		{D992936A-C638-4C7E-803B-E9E6C87ADE1A}.Debug|Any CPU.Build.0 = Debug|Any CPU
		{D992936A-C638-4C7E-803B-E9E6C87ADE1A}.Release|Any CPU.ActiveCfg = Release|Any CPU
		{D992936A-C638-4C7E-803B-E9E6C87ADE1A}.Release|Any CPU.Build.0 = Release|Any CPU
		{6B201486-FB50-415D-8A6E-922F67CA5DFB}.Debug|Any CPU.ActiveCfg = Debug|Any CPU
		{6B201486-FB50-415D-8A6E-922F67CA5DFB}.Debug|Any CPU.Build.0 = Debug|Any CPU
		{6B201486-FB50-415D-8A6E-922F67CA5DFB}.Release|Any CPU.ActiveCfg = Release|Any CPU
		{6B201486-FB50-415D-8A6E-922F67CA5DFB}.Release|Any CPU.Build.0 = Release|Any CPU
		{F9930175-2A73-4CA4-9B72-B3B99B3F8719}.Debug|Any CPU.ActiveCfg = Debug|Any CPU
		{F9930175-2A73-4CA4-9B72-B3B99B3F8719}.Debug|Any CPU.Build.0 = Debug|Any CPU
		{F9930175-2A73-4CA4-9B72-B3B99B3F8719}.Release|Any CPU.ActiveCfg = Release|Any CPU
		{F9930175-2A73-4CA4-9B72-B3B99B3F8719}.Release|Any CPU.Build.0 = Release|Any CPU
		{4B5F9C34-6577-4912-B857-DD45636A60AA}.Debug|Any CPU.ActiveCfg = Debug|Any CPU
		{4B5F9C34-6577-4912-B857-DD45636A60AA}.Debug|Any CPU.Build.0 = Debug|Any CPU
		{4B5F9C34-6577-4912-B857-DD45636A60AA}.Release|Any CPU.ActiveCfg = Release|Any CPU
		{4B5F9C34-6577-4912-B857-DD45636A60AA}.Release|Any CPU.Build.0 = Release|Any CPU
	EndGlobalSection
EndGlobal
