
Microsoft Visual Studio Solution File, Format Version 12.00
Project("{2150E333-8FDC-42A3-9474-1A3956D46DE8}") = "Sales", "Sales", "{8628CDAC-3197-4A1E-B805-26770F1D7B8D}"
EndProject
Project("{2150E333-8FDC-42A3-9474-1A3956D46DE8}") = "Billing", "Billing", "{FFA3D85C-2002-4789-B007-C03495521BA2}"
EndProject
Project("{2150E333-8FDC-42A3-9474-1A3956D46DE8}") = "Shipping", "Shipping", "{B2278923-889A-4F1C-9D8E-75264751790B}"
EndProject
Project("{FAE04EC0-301F-11D3-BF4B-00C04F79EFBC}") = "Sales", "Sales\Sales.csproj", "{4F9BADB4-80A0-4D63-825D-250A6EA12C21}"
EndProject
Project("{FAE04EC0-301F-11D3-BF4B-00C04F79EFBC}") = "WebApi", "WebApi\WebApi.csproj", "{E447ABAF-BBBC-4172-A004-893C06C47F79}"
EndProject
Project("{FAE04EC0-301F-11D3-BF4B-00C04F79EFBC}") = "Billing", "Billing\Billing.csproj", "{E36F7E56-8B42-4A07-A570-801D7BC81645}"
EndProject
Project("{FAE04EC0-301F-11D3-BF4B-00C04F79EFBC}") = "Shipping", "Shipping\Shipping.csproj", "{BEB33963-6439-4866-8521-02F958B870D9}"
EndProject
Project("{FAE04EC0-301F-11D3-BF4B-00C04F79EFBC}") = "Billing.Tests", "Billing.Tests\Billing.Tests.csproj", "{0115EABA-FF3E-4FBC-8D6D-0BD3D35F82DD}"
EndProject
Project("{FAE04EC0-301F-11D3-BF4B-00C04F79EFBC}") = "Sales.Contracts", "Sales.Contracts\Sales.Contracts.csproj", "{773DAA25-F092-4F79-A6FF-4E91945AED3D}"
EndProject
Project("{FAE04EC0-301F-11D3-BF4B-00C04F79EFBC}") = "Sales.Tests", "Sales.Tests\Sales.Tests.csproj", "{DA81935D-1EF4-41F7-987D-3921A3965BDE}"
EndProject
Project("{FAE04EC0-301F-11D3-BF4B-00C04F79EFBC}") = "Shipping.Tests", "Shipping.Tests\Shipping.Tests.csproj", "{C88AEA78-80F3-44DD-9EC2-17EBEE48E892}"
EndProject
Project("{FAE04EC0-301F-11D3-BF4B-00C04F79EFBC}") = "Shipping.Contracts", "Shipping.Contracts\Shipping.Contracts.csproj", "{D42F3EE5-1FEA-41DA-B982-80D555299520}"
EndProject
Project("{FAE04EC0-301F-11D3-BF4B-00C04F79EFBC}") = "Billing.Contracts", "Billing.Contracts\Billing.Contracts.csproj", "{3BB313EF-B39B-4E64-886F-ABC597ECE071}"
EndProject
Project("{2150E333-8FDC-42A3-9474-1A3956D46DE8}") = "Product", "Product", "{FFB001FA-CCC6-453C-AF34-D08421FCB328}"
EndProject
Project("{FAE04EC0-301F-11D3-BF4B-00C04F79EFBC}") = "Product", "Product\Product.csproj", "{928CBF19-C689-4BAF-B197-3072B452CCDF}"
EndProject
Project("{FAE04EC0-301F-11D3-BF4B-00C04F79EFBC}") = "Product.Contracts", "Product.Contracts\Product.Contracts.csproj", "{71F158EB-F8A2-4A63-A1FC-3755DDC40D19}"
EndProject
Project("{FAE04EC0-301F-11D3-BF4B-00C04F79EFBC}") = "Product.Tests", "Product.Tests\Product.Tests.csproj", "{9233F668-7B14-4BEF-87AB-54B754069D66}"
EndProject
Global
	GlobalSection(SolutionConfigurationPlatforms) = preSolution
		Debug|Any CPU = Debug|Any CPU
		Release|Any CPU = Release|Any CPU
	EndGlobalSection
	GlobalSection(NestedProjects) = preSolution
		{4F9BADB4-80A0-4D63-825D-250A6EA12C21} = {8628CDAC-3197-4A1E-B805-26770F1D7B8D}
		{E36F7E56-8B42-4A07-A570-801D7BC81645} = {FFA3D85C-2002-4789-B007-C03495521BA2}
		{BEB33963-6439-4866-8521-02F958B870D9} = {B2278923-889A-4F1C-9D8E-75264751790B}
		{0115EABA-FF3E-4FBC-8D6D-0BD3D35F82DD} = {FFA3D85C-2002-4789-B007-C03495521BA2}
		{773DAA25-F092-4F79-A6FF-4E91945AED3D} = {8628CDAC-3197-4A1E-B805-26770F1D7B8D}
		{DA81935D-1EF4-41F7-987D-3921A3965BDE} = {8628CDAC-3197-4A1E-B805-26770F1D7B8D}
		{C88AEA78-80F3-44DD-9EC2-17EBEE48E892} = {B2278923-889A-4F1C-9D8E-75264751790B}
		{D42F3EE5-1FEA-41DA-B982-80D555299520} = {B2278923-889A-4F1C-9D8E-75264751790B}
		{3BB313EF-B39B-4E64-886F-ABC597ECE071} = {FFA3D85C-2002-4789-B007-C03495521BA2}
		{928CBF19-C689-4BAF-B197-3072B452CCDF} = {FFB001FA-CCC6-453C-AF34-D08421FCB328}
		{71F158EB-F8A2-4A63-A1FC-3755DDC40D19} = {FFB001FA-CCC6-453C-AF34-D08421FCB328}
		{9233F668-7B14-4BEF-87AB-54B754069D66} = {FFB001FA-CCC6-453C-AF34-D08421FCB328}
	EndGlobalSection
	GlobalSection(ProjectConfigurationPlatforms) = postSolution
		{4F9BADB4-80A0-4D63-825D-250A6EA12C21}.Debug|Any CPU.ActiveCfg = Debug|Any CPU
		{4F9BADB4-80A0-4D63-825D-250A6EA12C21}.Debug|Any CPU.Build.0 = Debug|Any CPU
		{4F9BADB4-80A0-4D63-825D-250A6EA12C21}.Release|Any CPU.ActiveCfg = Release|Any CPU
		{4F9BADB4-80A0-4D63-825D-250A6EA12C21}.Release|Any CPU.Build.0 = Release|Any CPU
		{E447ABAF-BBBC-4172-A004-893C06C47F79}.Debug|Any CPU.ActiveCfg = Debug|Any CPU
		{E447ABAF-BBBC-4172-A004-893C06C47F79}.Debug|Any CPU.Build.0 = Debug|Any CPU
		{E447ABAF-BBBC-4172-A004-893C06C47F79}.Release|Any CPU.ActiveCfg = Release|Any CPU
		{E447ABAF-BBBC-4172-A004-893C06C47F79}.Release|Any CPU.Build.0 = Release|Any CPU
		{E36F7E56-8B42-4A07-A570-801D7BC81645}.Debug|Any CPU.ActiveCfg = Debug|Any CPU
		{E36F7E56-8B42-4A07-A570-801D7BC81645}.Debug|Any CPU.Build.0 = Debug|Any CPU
		{E36F7E56-8B42-4A07-A570-801D7BC81645}.Release|Any CPU.ActiveCfg = Release|Any CPU
		{E36F7E56-8B42-4A07-A570-801D7BC81645}.Release|Any CPU.Build.0 = Release|Any CPU
		{BEB33963-6439-4866-8521-02F958B870D9}.Debug|Any CPU.ActiveCfg = Debug|Any CPU
		{BEB33963-6439-4866-8521-02F958B870D9}.Debug|Any CPU.Build.0 = Debug|Any CPU
		{BEB33963-6439-4866-8521-02F958B870D9}.Release|Any CPU.ActiveCfg = Release|Any CPU
		{BEB33963-6439-4866-8521-02F958B870D9}.Release|Any CPU.Build.0 = Release|Any CPU
		{0115EABA-FF3E-4FBC-8D6D-0BD3D35F82DD}.Debug|Any CPU.ActiveCfg = Debug|Any CPU
		{0115EABA-FF3E-4FBC-8D6D-0BD3D35F82DD}.Debug|Any CPU.Build.0 = Debug|Any CPU
		{0115EABA-FF3E-4FBC-8D6D-0BD3D35F82DD}.Release|Any CPU.ActiveCfg = Release|Any CPU
		{0115EABA-FF3E-4FBC-8D6D-0BD3D35F82DD}.Release|Any CPU.Build.0 = Release|Any CPU
		{773DAA25-F092-4F79-A6FF-4E91945AED3D}.Debug|Any CPU.ActiveCfg = Debug|Any CPU
		{773DAA25-F092-4F79-A6FF-4E91945AED3D}.Debug|Any CPU.Build.0 = Debug|Any CPU
		{773DAA25-F092-4F79-A6FF-4E91945AED3D}.Release|Any CPU.ActiveCfg = Release|Any CPU
		{773DAA25-F092-4F79-A6FF-4E91945AED3D}.Release|Any CPU.Build.0 = Release|Any CPU
		{DA81935D-1EF4-41F7-987D-3921A3965BDE}.Debug|Any CPU.ActiveCfg = Debug|Any CPU
		{DA81935D-1EF4-41F7-987D-3921A3965BDE}.Debug|Any CPU.Build.0 = Debug|Any CPU
		{DA81935D-1EF4-41F7-987D-3921A3965BDE}.Release|Any CPU.ActiveCfg = Release|Any CPU
		{DA81935D-1EF4-41F7-987D-3921A3965BDE}.Release|Any CPU.Build.0 = Release|Any CPU
		{C88AEA78-80F3-44DD-9EC2-17EBEE48E892}.Debug|Any CPU.ActiveCfg = Debug|Any CPU
		{C88AEA78-80F3-44DD-9EC2-17EBEE48E892}.Debug|Any CPU.Build.0 = Debug|Any CPU
		{C88AEA78-80F3-44DD-9EC2-17EBEE48E892}.Release|Any CPU.ActiveCfg = Release|Any CPU
		{C88AEA78-80F3-44DD-9EC2-17EBEE48E892}.Release|Any CPU.Build.0 = Release|Any CPU
		{D42F3EE5-1FEA-41DA-B982-80D555299520}.Debug|Any CPU.ActiveCfg = Debug|Any CPU
		{D42F3EE5-1FEA-41DA-B982-80D555299520}.Debug|Any CPU.Build.0 = Debug|Any CPU
		{D42F3EE5-1FEA-41DA-B982-80D555299520}.Release|Any CPU.ActiveCfg = Release|Any CPU
		{D42F3EE5-1FEA-41DA-B982-80D555299520}.Release|Any CPU.Build.0 = Release|Any CPU
		{3BB313EF-B39B-4E64-886F-ABC597ECE071}.Debug|Any CPU.ActiveCfg = Debug|Any CPU
		{3BB313EF-B39B-4E64-886F-ABC597ECE071}.Debug|Any CPU.Build.0 = Debug|Any CPU
		{3BB313EF-B39B-4E64-886F-ABC597ECE071}.Release|Any CPU.ActiveCfg = Release|Any CPU
		{3BB313EF-B39B-4E64-886F-ABC597ECE071}.Release|Any CPU.Build.0 = Release|Any CPU
		{928CBF19-C689-4BAF-B197-3072B452CCDF}.Debug|Any CPU.ActiveCfg = Debug|Any CPU
		{928CBF19-C689-4BAF-B197-3072B452CCDF}.Debug|Any CPU.Build.0 = Debug|Any CPU
		{928CBF19-C689-4BAF-B197-3072B452CCDF}.Release|Any CPU.ActiveCfg = Release|Any CPU
		{928CBF19-C689-4BAF-B197-3072B452CCDF}.Release|Any CPU.Build.0 = Release|Any CPU
		{71F158EB-F8A2-4A63-A1FC-3755DDC40D19}.Debug|Any CPU.ActiveCfg = Debug|Any CPU
		{71F158EB-F8A2-4A63-A1FC-3755DDC40D19}.Debug|Any CPU.Build.0 = Debug|Any CPU
		{71F158EB-F8A2-4A63-A1FC-3755DDC40D19}.Release|Any CPU.ActiveCfg = Release|Any CPU
		{71F158EB-F8A2-4A63-A1FC-3755DDC40D19}.Release|Any CPU.Build.0 = Release|Any CPU
		{9233F668-7B14-4BEF-87AB-54B754069D66}.Debug|Any CPU.ActiveCfg = Debug|Any CPU
		{9233F668-7B14-4BEF-87AB-54B754069D66}.Debug|Any CPU.Build.0 = Debug|Any CPU
		{9233F668-7B14-4BEF-87AB-54B754069D66}.Release|Any CPU.ActiveCfg = Release|Any CPU
		{9233F668-7B14-4BEF-87AB-54B754069D66}.Release|Any CPU.Build.0 = Release|Any CPU
	EndGlobalSection
EndGlobal
